{
  "name": "component.request.handler.route",
  "version": "1.0.0",
  "lockfileVersion": 1,
  "requires": true,
  "dependencies": {
    "component": {
      "version": "github:marchuanv/component#4c0ea2a4e7a8b29c74d14fb8b61e8c57227872c2",
      "from": "github:marchuanv/component",
      "requires": {
        "component.delegate": "github:marchuanv/component.delegate"
      }
    },
    "component.delegate": {
      "version": "github:marchuanv/component.delegate#13981d6cd48489053dde1cfdde2167cf288a1bbd",
      "from": "github:marchuanv/component.delegate",
      "requires": {
        "utils": "github:marchuanv/utils"
      }
    },
    "component.logging": {
      "version": "github:marchuanv/component.logging#24ee7506c0d06709d139ee37aa4b873a706e3f27",
      "from": "github:marchuanv/component.logging",
      "requires": {
        "component": "github:marchuanv/component",
        "delegate": "github:marchuanv/component.delegate",
        "utils": "github:marchuanv/utils"
      },
      "dependencies": {
        "delegate": {
          "version": "github:marchuanv/component.delegate#13981d6cd48489053dde1cfdde2167cf288a1bbd",
          "from": "github:marchuanv/component.delegate",
          "requires": {
            "utils": "github:marchuanv/utils"
          }
        }
      }
    },
    "component.request": {
      "version": "github:marchuanv/component.request#ca3e84ede8911fdb1a663d0096191b9eb61db1b9",
      "from": "github:marchuanv/component.request",
      "requires": {
        "component.logging": "github:marchuanv/component.logging"
      }
    },
    "component.request.deferred": {
      "version": "github:marchuanv/component.request.deferred#9a8b37d5209b203404937ea73e53e3af25cda3ea",
      "from": "github:marchuanv/component.request.deferred",
      "requires": {
        "component.logging": "github:marchuanv/component.logging",
        "component.request": "github:marchuanv/component.request"
      }
    },
    "component.request.handler": {
      "version": "github:marchuanv/component.request.handler#728561a8c1ff10118ae1f6a189c455d7ab1fdf7b",
      "from": "github:marchuanv/component.request.handler",
      "requires": {
        "component": "github:marchuanv/component",
        "component.logging": "github:marchuanv/component.logging",
        "component.request.unsecure": "github:marchuanv/component.request.unsecure",
        "utils": "github:marchuanv/utils"
      }
    },
    "component.request.unsecure": {
      "version": "github:marchuanv/component.request.unsecure#29294f3d43013ab4bc3508b3788998bba054e602",
      "from": "github:marchuanv/component.request.unsecure",
      "requires": {
        "component.logging": "github:marchuanv/component.logging",
        "component.request.deferred": "github:marchuanv/component.request.deferred"
      }
    },
    "utils": {
      "version": "github:marchuanv/utils#3815045a6d4d37009a90eb10e50566118bb1d8f9",
      "from": "github:marchuanv/utils"
    }
  }
}
